
Microsoft Visual Studio Solution File, Format Version 12.00
# Visual Studio Version 16
VisualStudioVersion = 16.0.808.3
MinimumVisualStudioVersion = 10.0.40219.1
Project("{FAE04EC0-301F-11D3-BF4B-00C04F79EFBC}") = "CSProject", "CSProject.csproj", "{D2AC50AF-C683-4F56-A496-FE4E494FC8DD}"
EndProject
Global
	GlobalSection(SolutionConfigurationPlatforms) = preSolution
		Debug|Any CPU = Debug|Any CPU
		Release|Any CPU = Release|Any CPU
	EndGlobalSection
	GlobalSection(ProjectConfigurationPlatforms) = postSolution
		{D2AC50AF-C683-4F56-A496-FE4E494FC8DD}.Debug|Any CPU.ActiveCfg = Debug|Any CPU
		{D2AC50AF-C683-4F56-A496-FE4E494FC8DD}.Debug|Any CPU.Build.0 = Debug|Any CPU
		{D2AC50AF-C683-4F56-A496-FE4E494FC8DD}.Release|Any CPU.ActiveCfg = Release|Any CPU
		{D2AC50AF-C683-4F56-A496-FE4E494FC8DD}.Release|Any CPU.Build.0 = Release|Any CPU
	EndGlobalSection
	GlobalSection(SolutionProperties) = preSolution
		HideSolutionNode = FALSE
	EndGlobalSection
	GlobalSection(ExtensibilityGlobals) = postSolution
		SolutionGuid = {2298AB6E-F87B-4DD1-860E-28683EF04760}
	EndGlobalSection
EndGlobal
